
Microsoft Visual Studio Solution File, Format Version 12.00
# Visual Studio 2012
Project("{FAE04EC0-301F-11D3-BF4B-00C04F79EFBC}") = "Star Browser", "Star Browser\Star Browser.csproj", "{1839918E-5136-48BF-AC4F-499A38592635}"
EndProject
Global
	GlobalSection(SolutionConfigurationPlatforms) = preSolution
		Debug|Any CPU = Debug|Any CPU
		Release|Any CPU = Release|Any CPU
	EndGlobalSection
	GlobalSection(ProjectConfigurationPlatforms) = postSolution
		{1839918E-5136-48BF-AC4F-499A38592635}.Debug|Any CPU.ActiveCfg = Debug|Any CPU
		{1839918E-5136-48BF-AC4F-499A38592635}.Debug|Any CPU.Build.0 = Debug|Any CPU
		{1839918E-5136-48BF-AC4F-499A38592635}.Release|Any CPU.ActiveCfg = Release|Any CPU
		{1839918E-5136-48BF-AC4F-499A38592635}.Release|Any CPU.Build.0 = Release|Any CPU
	EndGlobalSection
	GlobalSection(SolutionProperties) = preSolution
		HideSolutionNode = FALSE
	EndGlobalSection
EndGlobal
